<?xml version="1.0" encoding="utf-8"?>
<Project ToolsVersion="4.0" xmlns="http://schemas.microsoft.com/developer/msbuild/2003">
  <ItemGroup>
    <ClCompile Include="DefaultWindow.cpp" />
    <ClCompile Include="Item_Stage1.cpp" />
    <ClCompile Include="KeyMgr.cpp" />
    <ClCompile Include="MainGame.cpp" />
    <ClCompile Include="Obj.cpp" />
    <ClCompile Include="ObjMgr.cpp" />
    <ClCompile Include="Player2.cpp" />
    <ClCompile Include="Scene.cpp" />
    <ClCompile Include="SceneMgr.cpp" />
    <ClCompile Include="Stage1.cpp" />
    <ClCompile Include="Map_Stage1.cpp" />
    <ClCompile Include="Monster.cpp" />
    <ClCompile Include="Obj_Stage1.cpp" />
    <ClCompile Include="Player_Stage1.cpp" />
    <ClCompile Include="Shield.cpp" />
    <ClCompile Include="Stage2.cpp" />
    <ClCompile Include="Star.cpp" />
    <ClCompile Include="Player_Stage3.cpp" />
    <ClCompile Include="stdafx.cpp" />
    <ClCompile Include="Trailer.cpp" />
    <ClCompile Include="Stage3.cpp" />
  </ItemGroup>
  <ItemGroup>
    <ClInclude Include="AbstractFactory.h" />
    <ClInclude Include="DefaultWindow.h" />
    <ClInclude Include="Define.h" />
    <ClInclude Include="Item_Stage1.h" />
    <ClInclude Include="KeyMgr.h" />
    <ClInclude Include="MainGame.h" />
    <ClInclude Include="Obj.h" />
    <ClInclude Include="ObjMgr.h" />
    <ClInclude Include="Player2.h" />
    <ClInclude Include="Scene.h" />
    <ClInclude Include="SceneMgr.h" />
    <ClInclude Include="Stage1.h" />
    <ClInclude Include="Map_Stage1.h" />
    <ClInclude Include="Monster.h" />
    <ClInclude Include="Obj_Stage1.h" />
    <ClInclude Include="Player_Stage1.h" />
    <ClInclude Include="Resource.h" />
    <ClInclude Include="Shield.h" />
    <ClInclude Include="Stage2.h" />
    <ClInclude Include="Star.h" />
    <ClInclude Include="Player_Stage3.h" />
    <ClInclude Include="stdafx.h" />
    <ClInclude Include="targetver.h" />
    <ClInclude Include="Trailer.h" />
    <ClInclude Include="Stage3.h" />
  </ItemGroup>
  <ItemGroup>
    <ResourceCompile Include="DefaultWindow.rc" />
  </ItemGroup>
  <ItemGroup>
    <Image Include="DefaultWindow.ico" />
    <Image Include="small.ico" />
  </ItemGroup>
  <ItemGroup>
    <Text Include="ReadMe.txt" />
  </ItemGroup>
</Project>